# This file is generated by running "yarn install" inside your project.
# Manual changes might be lost - proceed with caution!

__metadata:
  version: 9
  cacheKey: 10c0

"portless@npm:0.14.0":
  version: 0.14.0
  resolution: "portless@npm:0.14.0"
  bin:
    portless: dist/cli.js
  checksum: 10c0/c7483926d0ae73d3933a141f822b81b341b0aca2fcc5daba33dfc27e99e0e2d82f4b22814ccd18861b6bc2fcf4f98253484594092a15b6d53c345f380bd2a7b9
  conditions: (os=darwin | os=linux | os=win32)
  languageName: node
  linkType: hard

"retail-dev-scripts@workspace:.":
  version: 0.0.0-use.local
  resolution: "retail-dev-scripts@workspace:."
  dependencies:
    portless: "npm:0.14.0"
  languageName: unknown
  linkType: soft
